
Microsoft Visual Studio Solution File, Format Version 12.00
# Visual Studio Version 16
VisualStudioVersion = 16.0.34114.132
MinimumVisualStudioVersion = 10.0.40219.1
Project("{FAE04EC0-301F-11D3-BF4B-00C04F79EFBC}") = "burs_odev", "burs_odev.csproj", "{84021F85-4FF1-4D33-A077-F90EF97D1287}"
EndProject
Global
	GlobalSection(SolutionConfigurationPlatforms) = preSolution
		Debug|Any CPU = Debug|Any CPU
		Release|Any CPU = Release|Any CPU
	EndGlobalSection
	GlobalSection(ProjectConfigurationPlatforms) = postSolution
		{84021F85-4FF1-4D33-A077-F90EF97D1287}.Debug|Any CPU.ActiveCfg = Debug|Any CPU
		{84021F85-4FF1-4D33-A077-F90EF97D1287}.Debug|Any CPU.Build.0 = Debug|Any CPU
		{84021F85-4FF1-4D33-A077-F90EF97D1287}.Release|Any CPU.ActiveCfg = Release|Any CPU
		{84021F85-4FF1-4D33-A077-F90EF97D1287}.Release|Any CPU.Build.0 = Release|Any CPU
	EndGlobalSection
	GlobalSection(SolutionProperties) = preSolution
		HideSolutionNode = FALSE
	EndGlobalSection
	GlobalSection(ExtensibilityGlobals) = postSolution
		SolutionGuid = {45D8A371-E88E-4CF6-8B91-B8048DC36BFC}
	EndGlobalSection
EndGlobal
